
Microsoft Visual Studio Solution File, Format Version 12.00
# Visual Studio Version 16
VisualStudioVersion = 16.0.34114.132
MinimumVisualStudioVersion = 10.0.40219.1
Project("{2150E333-8FDC-42A3-9474-1A3956D46DE8}") = "Services", "Services", "{1F7BB188-AF09-43CA-B369-D9473FE0919D}"
EndProject
Project("{2150E333-8FDC-42A3-9474-1A3956D46DE8}") = "Catalog", "Catalog", "{6ED7CF7A-ABCA-42F0-963E-D1119483A2E5}"
EndProject
Project("{9A19103F-16F7-4668-BE54-9A1E7A4F7556}") = "Catalog.API", "Services\Catalog\Catalog.API\Catalog.API.csproj", "{2610BB4B-7A90-4FF6-A567-A38246E7BFFF}"
EndProject
Project("{E53339B2-1760-4266-BCC7-CA923CBCF16C}") = "docker-compose", "docker-compose.dcproj", "{54AAE642-86C0-4A4C-8138-C73D94B01E57}"
EndProject
Project("{2150E333-8FDC-42A3-9474-1A3956D46DE8}") = "Basket", "Basket", "{B65FDEEB-4276-4177-8603-46C73D732215}"
EndProject
Project("{9A19103F-16F7-4668-BE54-9A1E7A4F7556}") = "Basket.API", "Services\Basket\Basket.API\Basket.API.csproj", "{E2D6CAA8-33C9-4B98-B187-0F035F853AC2}"
EndProject
Project("{2150E333-8FDC-42A3-9474-1A3956D46DE8}") = "Discount", "Discount", "{7EDA598D-2B27-46AC-9B11-3703A8024A07}"
EndProject
Project("{FAE04EC0-301F-11D3-BF4B-00C04F79EFBC}") = "Discount.API", "Services\Discount\Discount.API\Discount.API.csproj", "{ACFABE09-7726-4C84-A704-D14EBEB0962B}"
EndProject
Global
	GlobalSection(SolutionConfigurationPlatforms) = preSolution
		Debug|Any CPU = Debug|Any CPU
		Release|Any CPU = Release|Any CPU
	EndGlobalSection
	GlobalSection(ProjectConfigurationPlatforms) = postSolution
		{2610BB4B-7A90-4FF6-A567-A38246E7BFFF}.Debug|Any CPU.ActiveCfg = Debug|Any CPU
		{2610BB4B-7A90-4FF6-A567-A38246E7BFFF}.Debug|Any CPU.Build.0 = Debug|Any CPU
		{2610BB4B-7A90-4FF6-A567-A38246E7BFFF}.Release|Any CPU.ActiveCfg = Release|Any CPU
		{2610BB4B-7A90-4FF6-A567-A38246E7BFFF}.Release|Any CPU.Build.0 = Release|Any CPU
		{54AAE642-86C0-4A4C-8138-C73D94B01E57}.Debug|Any CPU.ActiveCfg = Debug|Any CPU
		{54AAE642-86C0-4A4C-8138-C73D94B01E57}.Debug|Any CPU.Build.0 = Debug|Any CPU
		{54AAE642-86C0-4A4C-8138-C73D94B01E57}.Release|Any CPU.ActiveCfg = Release|Any CPU
		{54AAE642-86C0-4A4C-8138-C73D94B01E57}.Release|Any CPU.Build.0 = Release|Any CPU
		{E2D6CAA8-33C9-4B98-B187-0F035F853AC2}.Debug|Any CPU.ActiveCfg = Debug|Any CPU
		{E2D6CAA8-33C9-4B98-B187-0F035F853AC2}.Debug|Any CPU.Build.0 = Debug|Any CPU
		{E2D6CAA8-33C9-4B98-B187-0F035F853AC2}.Release|Any CPU.ActiveCfg = Release|Any CPU
		{E2D6CAA8-33C9-4B98-B187-0F035F853AC2}.Release|Any CPU.Build.0 = Release|Any CPU
		{ACFABE09-7726-4C84-A704-D14EBEB0962B}.Debug|Any CPU.ActiveCfg = Debug|Any CPU
		{ACFABE09-7726-4C84-A704-D14EBEB0962B}.Debug|Any CPU.Build.0 = Debug|Any CPU
		{ACFABE09-7726-4C84-A704-D14EBEB0962B}.Release|Any CPU.ActiveCfg = Release|Any CPU
		{ACFABE09-7726-4C84-A704-D14EBEB0962B}.Release|Any CPU.Build.0 = Release|Any CPU
	EndGlobalSection
	GlobalSection(SolutionProperties) = preSolution
		HideSolutionNode = FALSE
	EndGlobalSection
	GlobalSection(NestedProjects) = preSolution
		{6ED7CF7A-ABCA-42F0-963E-D1119483A2E5} = {1F7BB188-AF09-43CA-B369-D9473FE0919D}
		{2610BB4B-7A90-4FF6-A567-A38246E7BFFF} = {6ED7CF7A-ABCA-42F0-963E-D1119483A2E5}
		{B65FDEEB-4276-4177-8603-46C73D732215} = {1F7BB188-AF09-43CA-B369-D9473FE0919D}
		{E2D6CAA8-33C9-4B98-B187-0F035F853AC2} = {B65FDEEB-4276-4177-8603-46C73D732215}
		{7EDA598D-2B27-46AC-9B11-3703A8024A07} = {1F7BB188-AF09-43CA-B369-D9473FE0919D}
		{ACFABE09-7726-4C84-A704-D14EBEB0962B} = {7EDA598D-2B27-46AC-9B11-3703A8024A07}
	EndGlobalSection
	GlobalSection(ExtensibilityGlobals) = postSolution
		SolutionGuid = {7DD82059-ECB3-40C0-82D1-4D5DFE50C489}
	EndGlobalSection
EndGlobal
